
Microsoft Visual Studio Solution File, Format Version 12.00
# Visual Studio Version 16
VisualStudioVersion = 16.0.29613.14
MinimumVisualStudioVersion = 10.0.40219.1
Project("{FAE04EC0-301F-11D3-BF4B-00C04F79EFBC}") = "itotosi", "itotosi\itotosi.csproj", "{6F56C4AF-02C3-4291-882E-5B158894EDDF}"
EndProject
Global
	GlobalSection(SolutionConfigurationPlatforms) = preSolution
		Debug|Any CPU = Debug|Any CPU
		Release|Any CPU = Release|Any CPU
	EndGlobalSection
	GlobalSection(ProjectConfigurationPlatforms) = postSolution
		{6F56C4AF-02C3-4291-882E-5B158894EDDF}.Debug|Any CPU.ActiveCfg = Debug|Any CPU
		{6F56C4AF-02C3-4291-882E-5B158894EDDF}.Debug|Any CPU.Build.0 = Debug|Any CPU
		{6F56C4AF-02C3-4291-882E-5B158894EDDF}.Release|Any CPU.ActiveCfg = Release|Any CPU
		{6F56C4AF-02C3-4291-882E-5B158894EDDF}.Release|Any CPU.Build.0 = Release|Any CPU
	EndGlobalSection
	GlobalSection(SolutionProperties) = preSolution
		HideSolutionNode = FALSE
	EndGlobalSection
	GlobalSection(ExtensibilityGlobals) = postSolution
		SolutionGuid = {AD74DF25-5E6D-4052-864F-ABEB737AF843}
	EndGlobalSection
EndGlobal
